
Microsoft Visual Studio Solution File, Format Version 12.00
Project("{FAE04EC0-301F-11D3-BF4B-00C04F79EFBC}") = "Apbd4MinimalApi", "Apbd4MinimalApi\Apbd4MinimalApi.csproj", "{95D4D9EB-B3B8-48DC-8A24-80700FB908F5}"
EndProject
Global
	GlobalSection(SolutionConfigurationPlatforms) = preSolution
		Debug|Any CPU = Debug|Any CPU
		Release|Any CPU = Release|Any CPU
	EndGlobalSection
	GlobalSection(ProjectConfigurationPlatforms) = postSolution
		{95D4D9EB-B3B8-48DC-8A24-80700FB908F5}.Debug|Any CPU.ActiveCfg = Debug|Any CPU
		{95D4D9EB-B3B8-48DC-8A24-80700FB908F5}.Debug|Any CPU.Build.0 = Debug|Any CPU
		{95D4D9EB-B3B8-48DC-8A24-80700FB908F5}.Release|Any CPU.ActiveCfg = Release|Any CPU
		{95D4D9EB-B3B8-48DC-8A24-80700FB908F5}.Release|Any CPU.Build.0 = Release|Any CPU
	EndGlobalSection
EndGlobal
