
Microsoft Visual Studio Solution File, Format Version 12.00
Project("{FAE04EC0-301F-11D3-BF4B-00C04F79EFBC}") = "Apbd10", "Apbd10\Apbd10.csproj", "{B459DEEE-E27F-40DC-9384-9B521454C07C}"
EndProject
Global
	GlobalSection(SolutionConfigurationPlatforms) = preSolution
		Debug|Any CPU = Debug|Any CPU
		Release|Any CPU = Release|Any CPU
	EndGlobalSection
	GlobalSection(ProjectConfigurationPlatforms) = postSolution
		{B459DEEE-E27F-40DC-9384-9B521454C07C}.Debug|Any CPU.ActiveCfg = Debug|Any CPU
		{B459DEEE-E27F-40DC-9384-9B521454C07C}.Debug|Any CPU.Build.0 = Debug|Any CPU
		{B459DEEE-E27F-40DC-9384-9B521454C07C}.Release|Any CPU.ActiveCfg = Release|Any CPU
		{B459DEEE-E27F-40DC-9384-9B521454C07C}.Release|Any CPU.Build.0 = Release|Any CPU
	EndGlobalSection
EndGlobal
