
Microsoft Visual Studio Solution File, Format Version 12.00
Project("{FAE04EC0-301F-11D3-BF4B-00C04F79EFBC}") = "Apbd5", "Apbd5\Apbd5.csproj", "{1EE1988E-F2CE-46D3-8E16-A07664D03AB9}"
EndProject
Global
	GlobalSection(SolutionConfigurationPlatforms) = preSolution
		Debug|Any CPU = Debug|Any CPU
		Release|Any CPU = Release|Any CPU
	EndGlobalSection
	GlobalSection(ProjectConfigurationPlatforms) = postSolution
		{1EE1988E-F2CE-46D3-8E16-A07664D03AB9}.Debug|Any CPU.ActiveCfg = Debug|Any CPU
		{1EE1988E-F2CE-46D3-8E16-A07664D03AB9}.Debug|Any CPU.Build.0 = Debug|Any CPU
		{1EE1988E-F2CE-46D3-8E16-A07664D03AB9}.Release|Any CPU.ActiveCfg = Release|Any CPU
		{1EE1988E-F2CE-46D3-8E16-A07664D03AB9}.Release|Any CPU.Build.0 = Release|Any CPU
	EndGlobalSection
EndGlobal
